
Microsoft Visual Studio Solution File, Format Version 12.00
# Visual Studio Version 17
VisualStudioVersion = 17.7.34031.279
MinimumVisualStudioVersion = 10.0.40219.1
Project("{9A19103F-16F7-4668-BE54-9A1E7A4F7556}") = "ComprarJogo", "ComprarJogo\ComprarJogo.csproj", "{32157A12-B4D7-4574-BD22-12E6A7368EFA}"
EndProject
Project("{FAE04EC0-301F-11D3-BF4B-00C04F79EFBC}") = "Assembly-CSharp", "Z:\Programacao\C#\PlaySticStore\Assembly-CSharp.csproj", "{52AE6760-AC47-33E6-C7B8-6DA46D6E086D}"
EndProject
Global
	GlobalSection(SolutionConfigurationPlatforms) = preSolution
		Debug|Any CPU = Debug|Any CPU
		Release|Any CPU = Release|Any CPU
	EndGlobalSection
	GlobalSection(ProjectConfigurationPlatforms) = postSolution
		{32157A12-B4D7-4574-BD22-12E6A7368EFA}.Debug|Any CPU.ActiveCfg = Debug|Any CPU
		{32157A12-B4D7-4574-BD22-12E6A7368EFA}.Debug|Any CPU.Build.0 = Debug|Any CPU
		{32157A12-B4D7-4574-BD22-12E6A7368EFA}.Release|Any CPU.ActiveCfg = Release|Any CPU
		{32157A12-B4D7-4574-BD22-12E6A7368EFA}.Release|Any CPU.Build.0 = Release|Any CPU
		{52AE6760-AC47-33E6-C7B8-6DA46D6E086D}.Debug|Any CPU.ActiveCfg = Debug|Any CPU
		{52AE6760-AC47-33E6-C7B8-6DA46D6E086D}.Debug|Any CPU.Build.0 = Debug|Any CPU
		{52AE6760-AC47-33E6-C7B8-6DA46D6E086D}.Release|Any CPU.ActiveCfg = Release|Any CPU
		{52AE6760-AC47-33E6-C7B8-6DA46D6E086D}.Release|Any CPU.Build.0 = Release|Any CPU
	EndGlobalSection
	GlobalSection(SolutionProperties) = preSolution
		HideSolutionNode = FALSE
	EndGlobalSection
	GlobalSection(ExtensibilityGlobals) = postSolution
		SolutionGuid = {52ECA868-061F-4C3A-99A9-9F95130D9A3E}
	EndGlobalSection
EndGlobal
